
Microsoft Visual Studio Solution File, Format Version 12.00
# Visual Studio Version 16
VisualStudioVersion = 16.0.30517.126
MinimumVisualStudioVersion = 10.0.40219.1
Project("{9A19103F-16F7-4668-BE54-9A1E7A4F7556}") = "Tests", "Tests\Tests.csproj", "{6617BC29-29C3-45AB-9544-B079B7F63068}"
EndProject
Project("{9A19103F-16F7-4668-BE54-9A1E7A4F7556}") = "BlazorApp.Server", "BlazorApp\Server\BlazorApp.Server.csproj", "{E00584DC-B74C-4C0C-98D2-0A26A6F9D79E}"
EndProject
Project("{9A19103F-16F7-4668-BE54-9A1E7A4F7556}") = "BlazorApp.Client", "BlazorApp\Client\BlazorApp.Client.csproj", "{97DD2B1B-B894-40DC-9190-E883B6D8F0D9}"
EndProject
Project("{9A19103F-16F7-4668-BE54-9A1E7A4F7556}") = "Facade", "Facade\Facade.csproj", "{C3132B7A-7A52-4A94-982B-086C6F6B2B66}"
EndProject
Project("{9A19103F-16F7-4668-BE54-9A1E7A4F7556}") = "Data", "Data\Data.csproj", "{2760972B-0442-4706-9CBC-BA3BB2567078}"
EndProject
Project("{9A19103F-16F7-4668-BE54-9A1E7A4F7556}") = "Domain", "Domain\Domain.csproj", "{6BACE173-26DA-403F-B04F-2D9EC4289235}"
EndProject
Project("{9A19103F-16F7-4668-BE54-9A1E7A4F7556}") = "Infra", "Infra\Infra.csproj", "{7F3E4D6A-30FA-45DE-A9BA-E9A2E1B54F0E}"
EndProject
Project("{9A19103F-16F7-4668-BE54-9A1E7A4F7556}") = "Aids", "Aids\Aids.csproj", "{2210AA9A-5F8E-490E-A48A-4566E726F1F7}"
EndProject
Project("{9A19103F-16F7-4668-BE54-9A1E7A4F7556}") = "Pages", "Pages\Pages.csproj", "{6E93F573-56E7-41F4-B234-E2FA537F9C21}"
EndProject
Global
	GlobalSection(SolutionConfigurationPlatforms) = preSolution
		Debug|Any CPU = Debug|Any CPU
		Release|Any CPU = Release|Any CPU
	EndGlobalSection
	GlobalSection(ProjectConfigurationPlatforms) = postSolution
		{6617BC29-29C3-45AB-9544-B079B7F63068}.Debug|Any CPU.ActiveCfg = Debug|Any CPU
		{6617BC29-29C3-45AB-9544-B079B7F63068}.Debug|Any CPU.Build.0 = Debug|Any CPU
		{6617BC29-29C3-45AB-9544-B079B7F63068}.Release|Any CPU.ActiveCfg = Release|Any CPU
		{6617BC29-29C3-45AB-9544-B079B7F63068}.Release|Any CPU.Build.0 = Release|Any CPU
		{E00584DC-B74C-4C0C-98D2-0A26A6F9D79E}.Debug|Any CPU.ActiveCfg = Debug|Any CPU
		{E00584DC-B74C-4C0C-98D2-0A26A6F9D79E}.Debug|Any CPU.Build.0 = Debug|Any CPU
		{E00584DC-B74C-4C0C-98D2-0A26A6F9D79E}.Release|Any CPU.ActiveCfg = Release|Any CPU
		{E00584DC-B74C-4C0C-98D2-0A26A6F9D79E}.Release|Any CPU.Build.0 = Release|Any CPU
		{97DD2B1B-B894-40DC-9190-E883B6D8F0D9}.Debug|Any CPU.ActiveCfg = Debug|Any CPU
		{97DD2B1B-B894-40DC-9190-E883B6D8F0D9}.Debug|Any CPU.Build.0 = Debug|Any CPU
		{97DD2B1B-B894-40DC-9190-E883B6D8F0D9}.Release|Any CPU.ActiveCfg = Release|Any CPU
		{97DD2B1B-B894-40DC-9190-E883B6D8F0D9}.Release|Any CPU.Build.0 = Release|Any CPU
		{C3132B7A-7A52-4A94-982B-086C6F6B2B66}.Debug|Any CPU.ActiveCfg = Debug|Any CPU
		{C3132B7A-7A52-4A94-982B-086C6F6B2B66}.Debug|Any CPU.Build.0 = Debug|Any CPU
		{C3132B7A-7A52-4A94-982B-086C6F6B2B66}.Release|Any CPU.ActiveCfg = Release|Any CPU
		{C3132B7A-7A52-4A94-982B-086C6F6B2B66}.Release|Any CPU.Build.0 = Release|Any CPU
		{2760972B-0442-4706-9CBC-BA3BB2567078}.Debug|Any CPU.ActiveCfg = Debug|Any CPU
		{2760972B-0442-4706-9CBC-BA3BB2567078}.Debug|Any CPU.Build.0 = Debug|Any CPU
		{2760972B-0442-4706-9CBC-BA3BB2567078}.Release|Any CPU.ActiveCfg = Release|Any CPU
		{2760972B-0442-4706-9CBC-BA3BB2567078}.Release|Any CPU.Build.0 = Release|Any CPU
		{6BACE173-26DA-403F-B04F-2D9EC4289235}.Debug|Any CPU.ActiveCfg = Debug|Any CPU
		{6BACE173-26DA-403F-B04F-2D9EC4289235}.Debug|Any CPU.Build.0 = Debug|Any CPU
		{6BACE173-26DA-403F-B04F-2D9EC4289235}.Release|Any CPU.ActiveCfg = Release|Any CPU
		{6BACE173-26DA-403F-B04F-2D9EC4289235}.Release|Any CPU.Build.0 = Release|Any CPU
		{7F3E4D6A-30FA-45DE-A9BA-E9A2E1B54F0E}.Debug|Any CPU.ActiveCfg = Debug|Any CPU
		{7F3E4D6A-30FA-45DE-A9BA-E9A2E1B54F0E}.Debug|Any CPU.Build.0 = Debug|Any CPU
		{7F3E4D6A-30FA-45DE-A9BA-E9A2E1B54F0E}.Release|Any CPU.ActiveCfg = Release|Any CPU
		{7F3E4D6A-30FA-45DE-A9BA-E9A2E1B54F0E}.Release|Any CPU.Build.0 = Release|Any CPU
		{2210AA9A-5F8E-490E-A48A-4566E726F1F7}.Debug|Any CPU.ActiveCfg = Debug|Any CPU
		{2210AA9A-5F8E-490E-A48A-4566E726F1F7}.Debug|Any CPU.Build.0 = Debug|Any CPU
		{2210AA9A-5F8E-490E-A48A-4566E726F1F7}.Release|Any CPU.ActiveCfg = Release|Any CPU
		{2210AA9A-5F8E-490E-A48A-4566E726F1F7}.Release|Any CPU.Build.0 = Release|Any CPU
		{6E93F573-56E7-41F4-B234-E2FA537F9C21}.Debug|Any CPU.ActiveCfg = Debug|Any CPU
		{6E93F573-56E7-41F4-B234-E2FA537F9C21}.Debug|Any CPU.Build.0 = Debug|Any CPU
		{6E93F573-56E7-41F4-B234-E2FA537F9C21}.Release|Any CPU.ActiveCfg = Release|Any CPU
		{6E93F573-56E7-41F4-B234-E2FA537F9C21}.Release|Any CPU.Build.0 = Release|Any CPU
	EndGlobalSection
	GlobalSection(SolutionProperties) = preSolution
		HideSolutionNode = FALSE
	EndGlobalSection
	GlobalSection(ExtensibilityGlobals) = postSolution
		SolutionGuid = {76822F9C-D28F-4380-9FF7-E6D8D8634E44}
	EndGlobalSection
EndGlobal
